
Microsoft Visual Studio Solution File, Format Version 12.00
# Visual Studio Version 17
VisualStudioVersion = 17.11.35222.181
MinimumVisualStudioVersion = 10.0.40219.1
Project("{FAE04EC0-301F-11D3-BF4B-00C04F79EFBC}") = "WinFormsApp1", "WinFormsApp1\WinFormsApp1.csproj", "{83DDD796-D010-4FC0-BA1E-733682F7FBA2}"
EndProject
Global
	GlobalSection(SolutionConfigurationPlatforms) = preSolution
		Debug|Any CPU = Debug|Any CPU
		Release|Any CPU = Release|Any CPU
	EndGlobalSection
	GlobalSection(ProjectConfigurationPlatforms) = postSolution
		{83DDD796-D010-4FC0-BA1E-733682F7FBA2}.Debug|Any CPU.ActiveCfg = Debug|Any CPU
		{83DDD796-D010-4FC0-BA1E-733682F7FBA2}.Debug|Any CPU.Build.0 = Debug|Any CPU
		{83DDD796-D010-4FC0-BA1E-733682F7FBA2}.Release|Any CPU.ActiveCfg = Release|Any CPU
		{83DDD796-D010-4FC0-BA1E-733682F7FBA2}.Release|Any CPU.Build.0 = Release|Any CPU
	EndGlobalSection
	GlobalSection(SolutionProperties) = preSolution
		HideSolutionNode = FALSE
	EndGlobalSection
	GlobalSection(ExtensibilityGlobals) = postSolution
		SolutionGuid = {0722D0BE-A5A9-4FF0-B598-AA6FDFCDAC51}
	EndGlobalSection
EndGlobal
